
Microsoft Visual Studio Solution File, Format Version 11.00
# Visual Studio 2010
Project("{FAE04EC0-301F-11D3-BF4B-00C04F79EFBC}") = "RPG", "RPG\RPG.csproj", "{AB9705EA-CF79-4C65-A4F7-E0265FDA1E4B}"
EndProject
Project("{FAE04EC0-301F-11D3-BF4B-00C04F79EFBC}") = "RPGTest", "RPGTest\RPGTest.csproj", "{79605A9F-63CA-443E-B580-BAB3B59BE5B7}"
EndProject
Project("{2150E333-8FDC-42A3-9474-1A3956D46DE8}") = "Solution Items", "Solution Items", "{49FD40B0-86B0-4395-BA19-030ED6EC5C62}"
	ProjectSection(SolutionItems) = preProject
		Local.testsettings = Local.testsettings
		RPG.vsmdi = RPG.vsmdi
		TraceAndTestImpact.testsettings = TraceAndTestImpact.testsettings
	EndProjectSection
EndProject
Project("{FAE04EC0-301F-11D3-BF4B-00C04F79EFBC}") = "RPG.RollDice", "RPG.Dice\RPG.RollDice.csproj", "{3F33FCD7-309A-4836-8CDE-31C42613E8F6}"
EndProject
Project("{FAE04EC0-301F-11D3-BF4B-00C04F79EFBC}") = "RPG.Weapons", "RPG.Weapons\RPG.Weapons.csproj", "{AD0B76E8-0880-41AE-8540-004774EC7591}"
EndProject
Project("{FAE04EC0-301F-11D3-BF4B-00C04F79EFBC}") = "RPG.Character", "RPG.Character\RPG.Character.csproj", "{FA904DFD-6C2A-446A-B235-B6234CDC8B92}"
EndProject
Project("{FAE04EC0-301F-11D3-BF4B-00C04F79EFBC}") = "RPG.General", "RPG.General\RPG.General.csproj", "{442538A4-C049-4936-8A83-F85D0A702963}"
EndProject
Project("{FAE04EC0-301F-11D3-BF4B-00C04F79EFBC}") = "Config", "Config\Config.csproj", "{FD5B733C-1C16-4F39-BD0B-12F59370B3DA}"
EndProject
Project("{FAE04EC0-301F-11D3-BF4B-00C04F79EFBC}") = "RPG.Equipment", "RPG.Equipment\RPG.Equipment.csproj", "{225199C6-32C2-4F32-A365-FA73C5511D5C}"
EndProject
Global
	GlobalSection(TestCaseManagementSettings) = postSolution
		CategoryFile = RPG.vsmdi
	EndGlobalSection
	GlobalSection(SolutionConfigurationPlatforms) = preSolution
		Debug|Any CPU = Debug|Any CPU
		Release|Any CPU = Release|Any CPU
	EndGlobalSection
	GlobalSection(ProjectConfigurationPlatforms) = postSolution
		{AB9705EA-CF79-4C65-A4F7-E0265FDA1E4B}.Debug|Any CPU.ActiveCfg = Debug|Any CPU
		{AB9705EA-CF79-4C65-A4F7-E0265FDA1E4B}.Release|Any CPU.ActiveCfg = Release|Any CPU
		{79605A9F-63CA-443E-B580-BAB3B59BE5B7}.Debug|Any CPU.ActiveCfg = Debug|Any CPU
		{79605A9F-63CA-443E-B580-BAB3B59BE5B7}.Release|Any CPU.ActiveCfg = Release|Any CPU
		{3F33FCD7-309A-4836-8CDE-31C42613E8F6}.Debug|Any CPU.ActiveCfg = Debug|Any CPU
		{3F33FCD7-309A-4836-8CDE-31C42613E8F6}.Release|Any CPU.ActiveCfg = Release|Any CPU
		{AD0B76E8-0880-41AE-8540-004774EC7591}.Debug|Any CPU.ActiveCfg = Debug|Any CPU
		{AD0B76E8-0880-41AE-8540-004774EC7591}.Release|Any CPU.ActiveCfg = Release|Any CPU
		{FA904DFD-6C2A-446A-B235-B6234CDC8B92}.Debug|Any CPU.ActiveCfg = Debug|Any CPU
		{FA904DFD-6C2A-446A-B235-B6234CDC8B92}.Release|Any CPU.ActiveCfg = Release|Any CPU
		{442538A4-C049-4936-8A83-F85D0A702963}.Debug|Any CPU.ActiveCfg = Debug|Any CPU
		{442538A4-C049-4936-8A83-F85D0A702963}.Release|Any CPU.ActiveCfg = Release|Any CPU
		{FD5B733C-1C16-4F39-BD0B-12F59370B3DA}.Debug|Any CPU.ActiveCfg = Debug|Any CPU
		{FD5B733C-1C16-4F39-BD0B-12F59370B3DA}.Release|Any CPU.ActiveCfg = Release|Any CPU
		{225199C6-32C2-4F32-A365-FA73C5511D5C}.Debug|Any CPU.ActiveCfg = Debug|Any CPU
		{225199C6-32C2-4F32-A365-FA73C5511D5C}.Release|Any CPU.ActiveCfg = Release|Any CPU
	EndGlobalSection
	GlobalSection(SolutionProperties) = preSolution
		HideSolutionNode = FALSE
	EndGlobalSection
EndGlobal
